
Microsoft Visual Studio Solution File, Format Version 12.00
# Visual Studio Version 16
VisualStudioVersion = 16.0.31911.196
MinimumVisualStudioVersion = 10.0.40219.1
Project("{FAE04EC0-301F-11D3-BF4B-00C04F79EFBC}") = "Factory", "Factory\Factory.csproj", "{8DAC3C85-9296-48A3-BDA3-9E53CBF6A191}"
EndProject
Project("{FAE04EC0-301F-11D3-BF4B-00C04F79EFBC}") = "Interface", "Interface\Interface.csproj", "{6C6E423E-587C-49F0-A2FB-7D8A6B105B47}"
EndProject
Project("{FAE04EC0-301F-11D3-BF4B-00C04F79EFBC}") = "MainClass", "MainClass\MainClass.csproj", "{1799B336-B6AD-461C-8E65-EE9A9F915A2A}"
EndProject
Project("{FAE04EC0-301F-11D3-BF4B-00C04F79EFBC}") = "FactoryClass", "FactoryClass\FactoryClass.csproj", "{9443F380-0257-4178-B297-76F08BF10F06}"
EndProject
Global
	GlobalSection(SolutionConfigurationPlatforms) = preSolution
		Debug|Any CPU = Debug|Any CPU
		Release|Any CPU = Release|Any CPU
	EndGlobalSection
	GlobalSection(ProjectConfigurationPlatforms) = postSolution
		{8DAC3C85-9296-48A3-BDA3-9E53CBF6A191}.Debug|Any CPU.ActiveCfg = Debug|Any CPU
		{8DAC3C85-9296-48A3-BDA3-9E53CBF6A191}.Debug|Any CPU.Build.0 = Debug|Any CPU
		{8DAC3C85-9296-48A3-BDA3-9E53CBF6A191}.Release|Any CPU.ActiveCfg = Release|Any CPU
		{8DAC3C85-9296-48A3-BDA3-9E53CBF6A191}.Release|Any CPU.Build.0 = Release|Any CPU
		{6C6E423E-587C-49F0-A2FB-7D8A6B105B47}.Debug|Any CPU.ActiveCfg = Debug|Any CPU
		{6C6E423E-587C-49F0-A2FB-7D8A6B105B47}.Debug|Any CPU.Build.0 = Debug|Any CPU
		{6C6E423E-587C-49F0-A2FB-7D8A6B105B47}.Release|Any CPU.ActiveCfg = Release|Any CPU
		{6C6E423E-587C-49F0-A2FB-7D8A6B105B47}.Release|Any CPU.Build.0 = Release|Any CPU
		{1799B336-B6AD-461C-8E65-EE9A9F915A2A}.Debug|Any CPU.ActiveCfg = Debug|Any CPU
		{1799B336-B6AD-461C-8E65-EE9A9F915A2A}.Debug|Any CPU.Build.0 = Debug|Any CPU
		{1799B336-B6AD-461C-8E65-EE9A9F915A2A}.Release|Any CPU.ActiveCfg = Release|Any CPU
		{1799B336-B6AD-461C-8E65-EE9A9F915A2A}.Release|Any CPU.Build.0 = Release|Any CPU
		{9443F380-0257-4178-B297-76F08BF10F06}.Debug|Any CPU.ActiveCfg = Debug|Any CPU
		{9443F380-0257-4178-B297-76F08BF10F06}.Debug|Any CPU.Build.0 = Debug|Any CPU
		{9443F380-0257-4178-B297-76F08BF10F06}.Release|Any CPU.ActiveCfg = Release|Any CPU
		{9443F380-0257-4178-B297-76F08BF10F06}.Release|Any CPU.Build.0 = Release|Any CPU
	EndGlobalSection
	GlobalSection(SolutionProperties) = preSolution
		HideSolutionNode = FALSE
	EndGlobalSection
	GlobalSection(ExtensibilityGlobals) = postSolution
		SolutionGuid = {7E4EF02A-0FE2-4EDB-A2D9-833C1959A211}
	EndGlobalSection
EndGlobal
